// !$*UTF8*$!
{
	archiveVersion = 1;
	classes = {
	};
	objectVersion = 46;
	objects = {

/* Begin PBXBuildFile section */
		1F4B8D881ED6ADFA00ED0A93 /* main.swift in Sources */ = {isa = PBXBuildFile; fileRef = 1F4B8D871ED6ADFA00ED0A93 /* main.swift */; };
		1F4B8D921ED6AF4000ED0A93 /* User.swift in Sources */ = {isa = PBXBuildFile; fileRef = 1F4B8D911ED6AF4000ED0A93 /* User.swift */; };
		1F4B8D941ED6AF8A00ED0A93 /* Repository.swift in Sources */ = {isa = PBXBuildFile; fileRef = 1F4B8D931ED6AF8A00ED0A93 /* Repository.swift */; };
		1F4B8D961ED6B21600ED0A93 /* JSONDecodeError.swift in Sources */ = {isa = PBXBuildFile; fileRef = 1F4B8D951ED6B21600ED0A93 /* JSONDecodeError.swift */; };
		1F4B8D981ED6B41300ED0A93 /* JSONDecodable.swift in Sources */ = {isa = PBXBuildFile; fileRef = 1F4B8D971ED6B41300ED0A93 /* JSONDecodable.swift */; };
		1F4B8D9A1ED6BA5300ED0A93 /* SearchResponse.swift in Sources */ = {isa = PBXBuildFile; fileRef = 1F4B8D991ED6BA5300ED0A93 /* SearchResponse.swift */; };
		1F4B8D9C1ED6C34800ED0A93 /* GitHubClientError.swift in Sources */ = {isa = PBXBuildFile; fileRef = 1F4B8D9B1ED6C34800ED0A93 /* GitHubClientError.swift */; };
		1F4B8D9E1ED6C88A00ED0A93 /* GitHubAPIError.swift in Sources */ = {isa = PBXBuildFile; fileRef = 1F4B8D9D1ED6C88A00ED0A93 /* GitHubAPIError.swift */; };
		1F4B8DA01ED6CEB600ED0A93 /* GitHubRequest.swift in Sources */ = {isa = PBXBuildFile; fileRef = 1F4B8D9F1ED6CEB600ED0A93 /* GitHubRequest.swift */; };
		1F4B8DA21ED6CFA900ED0A93 /* HTTPMethod.swift in Sources */ = {isa = PBXBuildFile; fileRef = 1F4B8DA11ED6CFA900ED0A93 /* HTTPMethod.swift */; };
		1FF37C3C1ED7BCF40029DA9D /* GitHubAPI.swift in Sources */ = {isa = PBXBuildFile; fileRef = 1FF37C3B1ED7BCF40029DA9D /* GitHubAPI.swift */; };
/* End PBXBuildFile section */

/* Begin PBXCopyFilesBuildPhase section */
		1F4B8D821ED6ADFA00ED0A93 /* CopyFiles */ = {
			isa = PBXCopyFilesBuildPhase;
			buildActionMask = 2147483647;
			dstPath = /usr/share/man/man1/;
			dstSubfolderSpec = 0;
			files = (
			);
			runOnlyForDeploymentPostprocessing = 1;
		};
/* End PBXCopyFilesBuildPhase section */

/* Begin PBXFileReference section */
		1F4B8D841ED6ADFA00ED0A93 /* GithubSearchRepository */ = {isa = PBXFileReference; explicitFileType = "compiled.mach-o.executable"; includeInIndex = 0; path = GithubSearchRepository; sourceTree = BUILT_PRODUCTS_DIR; };
		1F4B8D871ED6ADFA00ED0A93 /* main.swift */ = {isa = PBXFileReference; lastKnownFileType = sourcecode.swift; path = main.swift; sourceTree = "<group>"; };
		1F4B8D911ED6AF4000ED0A93 /* User.swift */ = {isa = PBXFileReference; fileEncoding = 4; lastKnownFileType = sourcecode.swift; path = User.swift; sourceTree = "<group>"; };
		1F4B8D931ED6AF8A00ED0A93 /* Repository.swift */ = {isa = PBXFileReference; fileEncoding = 4; lastKnownFileType = sourcecode.swift; path = Repository.swift; sourceTree = "<group>"; };
		1F4B8D951ED6B21600ED0A93 /* JSONDecodeError.swift */ = {isa = PBXFileReference; fileEncoding = 4; lastKnownFileType = sourcecode.swift; path = JSONDecodeError.swift; sourceTree = "<group>"; };
		1F4B8D971ED6B41300ED0A93 /* JSONDecodable.swift */ = {isa = PBXFileReference; fileEncoding = 4; lastKnownFileType = sourcecode.swift; path = JSONDecodable.swift; sourceTree = "<group>"; };
		1F4B8D991ED6BA5300ED0A93 /* SearchResponse.swift */ = {isa = PBXFileReference; fileEncoding = 4; lastKnownFileType = sourcecode.swift; path = SearchResponse.swift; sourceTree = "<group>"; };
		1F4B8D9B1ED6C34800ED0A93 /* GitHubClientError.swift */ = {isa = PBXFileReference; fileEncoding = 4; lastKnownFileType = sourcecode.swift; path = GitHubClientError.swift; sourceTree = "<group>"; };
		1F4B8D9D1ED6C88A00ED0A93 /* GitHubAPIError.swift */ = {isa = PBXFileReference; fileEncoding = 4; lastKnownFileType = sourcecode.swift; path = GitHubAPIError.swift; sourceTree = "<group>"; };
		1F4B8D9F1ED6CEB600ED0A93 /* GitHubRequest.swift */ = {isa = PBXFileReference; fileEncoding = 4; lastKnownFileType = sourcecode.swift; path = GitHubRequest.swift; sourceTree = "<group>"; };
		1F4B8DA11ED6CFA900ED0A93 /* HTTPMethod.swift */ = {isa = PBXFileReference; fileEncoding = 4; lastKnownFileType = sourcecode.swift; path = HTTPMethod.swift; sourceTree = "<group>"; };
		1FF37C3B1ED7BCF40029DA9D /* GitHubAPI.swift */ = {isa = PBXFileReference; fileEncoding = 4; lastKnownFileType = sourcecode.swift; path = GitHubAPI.swift; sourceTree = "<group>"; };
		1FF37C3D1ED7C36B0029DA9D /* 第１４章実践的なSwiftアプリケーション.playground */ = {isa = PBXFileReference; lastKnownFileType = file.playground; path = "第１４章実践的なSwiftアプリケーション.playground"; sourceTree = "<group>"; };
/* End PBXFileReference section */

/* Begin PBXFrameworksBuildPhase section */
		1F4B8D811ED6ADFA00ED0A93 /* Frameworks */ = {
			isa = PBXFrameworksBuildPhase;
			buildActionMask = 2147483647;
			files = (
			);
			runOnlyForDeploymentPostprocessing = 0;
		};
/* End PBXFrameworksBuildPhase section */

/* Begin PBXGroup section */
		1F4B8D7B1ED6ADF900ED0A93 = {
			isa = PBXGroup;
			children = (
				1FF37C3D1ED7C36B0029DA9D /* 第１４章実践的なSwiftアプリケーション.playground */,
				1F4B8D861ED6ADFA00ED0A93 /* GithubSearchRepository */,
				1F4B8D851ED6ADFA00ED0A93 /* Products */,
			);
			sourceTree = "<group>";
		};
		1F4B8D851ED6ADFA00ED0A93 /* Products */ = {
			isa = PBXGroup;
			children = (
				1F4B8D841ED6ADFA00ED0A93 /* GithubSearchRepository */,
			);
			name = Products;
			sourceTree = "<group>";
		};
		1F4B8D861ED6ADFA00ED0A93 /* GithubSearchRepository */ = {
			isa = PBXGroup;
			children = (
				1F4B8D901ED6AEEE00ED0A93 /* Error */,
				1F4B8D8F1ED6AEE200ED0A93 /* Response */,
				1F4B8D8E1ED6AED500ED0A93 /* Request */,
				1F4B8D871ED6ADFA00ED0A93 /* main.swift */,
			);
			path = GithubSearchRepository;
			sourceTree = "<group>";
		};
		1F4B8D8E1ED6AED500ED0A93 /* Request */ = {
			isa = PBXGroup;
			children = (
				1F4B8D9F1ED6CEB600ED0A93 /* GitHubRequest.swift */,
				1F4B8DA11ED6CFA900ED0A93 /* HTTPMethod.swift */,
				1FF37C3B1ED7BCF40029DA9D /* GitHubAPI.swift */,
			);
			name = Request;
			sourceTree = "<group>";
		};
		1F4B8D8F1ED6AEE200ED0A93 /* Response */ = {
			isa = PBXGroup;
			children = (
				1F4B8D911ED6AF4000ED0A93 /* User.swift */,
				1F4B8D971ED6B41300ED0A93 /* JSONDecodable.swift */,
				1F4B8D931ED6AF8A00ED0A93 /* Repository.swift */,
				1F4B8D991ED6BA5300ED0A93 /* SearchResponse.swift */,
			);
			name = Response;
			sourceTree = "<group>";
		};
		1F4B8D901ED6AEEE00ED0A93 /* Error */ = {
			isa = PBXGroup;
			children = (
				1F4B8D951ED6B21600ED0A93 /* JSONDecodeError.swift */,
				1F4B8D9B1ED6C34800ED0A93 /* GitHubClientError.swift */,
				1F4B8D9D1ED6C88A00ED0A93 /* GitHubAPIError.swift */,
			);
			name = Error;
			sourceTree = "<group>";
		};
/* End PBXGroup section */

/* Begin PBXNativeTarget section */
		1F4B8D831ED6ADFA00ED0A93 /* GithubSearchRepository */ = {
			isa = PBXNativeTarget;
			buildConfigurationList = 1F4B8D8B1ED6ADFA00ED0A93 /* Build configuration list for PBXNativeTarget "GithubSearchRepository" */;
			buildPhases = (
				1F4B8D801ED6ADFA00ED0A93 /* Sources */,
				1F4B8D811ED6ADFA00ED0A93 /* Frameworks */,
				1F4B8D821ED6ADFA00ED0A93 /* CopyFiles */,
			);
			buildRules = (
			);
			dependencies = (
			);
			name = GithubSearchRepository;
			productName = GithubSearchRepository;
			productReference = 1F4B8D841ED6ADFA00ED0A93 /* GithubSearchRepository */;
			productType = "com.apple.product-type.tool";
		};
/* End PBXNativeTarget section */

/* Begin PBXProject section */
		1F4B8D7C1ED6ADF900ED0A93 /* Project object */ = {
			isa = PBXProject;
			attributes = {
				LastSwiftUpdateCheck = 0830;
				LastUpgradeCheck = 0830;
				ORGANIZATIONNAME = stv;
				TargetAttributes = {
					1F4B8D831ED6ADFA00ED0A93 = {
						CreatedOnToolsVersion = 8.3.2;
						DevelopmentTeam = PCCZJUYRT6;
						ProvisioningStyle = Automatic;
					};
				};
			};
			buildConfigurationList = 1F4B8D7F1ED6ADF900ED0A93 /* Build configuration list for PBXProject "GithubSearchRepository" */;
			compatibilityVersion = "Xcode 3.2";
			developmentRegion = English;
			hasScannedForEncodings = 0;
			knownRegions = (
				en,
			);
			mainGroup = 1F4B8D7B1ED6ADF900ED0A93;
			productRefGroup = 1F4B8D851ED6ADFA00ED0A93 /* Products */;
			projectDirPath = "";
			projectRoot = "";
			targets = (
				1F4B8D831ED6ADFA00ED0A93 /* GithubSearchRepository */,
			);
		};
/* End PBXProject section */

/* Begin PBXSourcesBuildPhase section */
		1F4B8D801ED6ADFA00ED0A93 /* Sources */ = {
			isa = PBXSourcesBuildPhase;
			buildActionMask = 2147483647;
			files = (
				1F4B8D961ED6B21600ED0A93 /* JSONDecodeError.swift in Sources */,
				1F4B8D981ED6B41300ED0A93 /* JSONDecodable.swift in Sources */,
				1F4B8D9A1ED6BA5300ED0A93 /* SearchResponse.swift in Sources */,
				1F4B8D921ED6AF4000ED0A93 /* User.swift in Sources */,
				1F4B8D881ED6ADFA00ED0A93 /* main.swift in Sources */,
				1F4B8D9C1ED6C34800ED0A93 /* GitHubClientError.swift in Sources */,
				1F4B8D9E1ED6C88A00ED0A93 /* GitHubAPIError.swift in Sources */,
				1F4B8DA01ED6CEB600ED0A93 /* GitHubRequest.swift in Sources */,
				1F4B8DA21ED6CFA900ED0A93 /* HTTPMethod.swift in Sources */,
				1FF37C3C1ED7BCF40029DA9D /* GitHubAPI.swift in Sources */,
				1F4B8D941ED6AF8A00ED0A93 /* Repository.swift in Sources */,
			);
			runOnlyForDeploymentPostprocessing = 0;
		};
/* End PBXSourcesBuildPhase section */

/* Begin XCBuildConfiguration section */
		1F4B8D891ED6ADFA00ED0A93 /* Debug */ = {
			isa = XCBuildConfiguration;
			buildSettings = {
				ALWAYS_SEARCH_USER_PATHS = NO;
				CLANG_ANALYZER_NONNULL = YES;
				CLANG_ANALYZER_NUMBER_OBJECT_CONVERSION = YES_AGGRESSIVE;
				CLANG_CXX_LANGUAGE_STANDARD = "gnu++0x";
				CLANG_CXX_LIBRARY = "libc++";
				CLANG_ENABLE_MODULES = YES;
				CLANG_ENABLE_OBJC_ARC = YES;
				CLANG_WARN_BOOL_CONVERSION = YES;
				CLANG_WARN_CONSTANT_CONVERSION = YES;
				CLANG_WARN_DIRECT_OBJC_ISA_USAGE = YES_ERROR;
				CLANG_WARN_DOCUMENTATION_COMMENTS = YES;
				CLANG_WARN_EMPTY_BODY = YES;
				CLANG_WARN_ENUM_CONVERSION = YES;
				CLANG_WARN_INFINITE_RECURSION = YES;
				CLANG_WARN_INT_CONVERSION = YES;
				CLANG_WARN_OBJC_ROOT_CLASS = YES_ERROR;
				CLANG_WARN_SUSPICIOUS_MOVE = YES;
				CLANG_WARN_UNREACHABLE_CODE = YES;
				CLANG_WARN__DUPLICATE_METHOD_MATCH = YES;
				CODE_SIGN_IDENTITY = "-";
				COPY_PHASE_STRIP = NO;
				DEBUG_INFORMATION_FORMAT = dwarf;
				ENABLE_STRICT_OBJC_MSGSEND = YES;
				ENABLE_TESTABILITY = YES;
				GCC_C_LANGUAGE_STANDARD = gnu99;
				GCC_DYNAMIC_NO_PIC = NO;
				GCC_NO_COMMON_BLOCKS = YES;
				GCC_OPTIMIZATION_LEVEL = 0;
				GCC_PREPROCESSOR_DEFINITIONS = (
					"DEBUG=1",
					"$(inherited)",
				);
				GCC_WARN_64_TO_32_BIT_CONVERSION = YES;
				GCC_WARN_ABOUT_RETURN_TYPE = YES_ERROR;
				GCC_WARN_UNDECLARED_SELECTOR = YES;
				GCC_WARN_UNINITIALIZED_AUTOS = YES_AGGRESSIVE;
				GCC_WARN_UNUSED_FUNCTION = YES;
				GCC_WARN_UNUSED_VARIABLE = YES;
				MACOSX_DEPLOYMENT_TARGET = 10.12;
				MTL_ENABLE_DEBUG_INFO = YES;
				ONLY_ACTIVE_ARCH = YES;
				SDKROOT = macosx;
				SWIFT_OPTIMIZATION_LEVEL = "-Onone";
			};
			name = Debug;
		};
		1F4B8D8A1ED6ADFA00ED0A93 /* Release */ = {
			isa = XCBuildConfiguration;
			buildSettings = {
				ALWAYS_SEARCH_USER_PATHS = NO;
				CLANG_ANALYZER_NONNULL = YES;
				CLANG_ANALYZER_NUMBER_OBJECT_CONVERSION = YES_AGGRESSIVE;
				CLANG_CXX_LANGUAGE_STANDARD = "gnu++0x";
				CLANG_CXX_LIBRARY = "libc++";
				CLANG_ENABLE_MODULES = YES;
				CLANG_ENABLE_OBJC_ARC = YES;
				CLANG_WARN_BOOL_CONVERSION = YES;
				CLANG_WARN_CONSTANT_CONVERSION = YES;
				CLANG_WARN_DIRECT_OBJC_ISA_USAGE = YES_ERROR;
				CLANG_WARN_DOCUMENTATION_COMMENTS = YES;
				CLANG_WARN_EMPTY_BODY = YES;
				CLANG_WARN_ENUM_CONVERSION = YES;
				CLANG_WARN_INFINITE_RECURSION = YES;
				CLANG_WARN_INT_CONVERSION = YES;
				CLANG_WARN_OBJC_ROOT_CLASS = YES_ERROR;
				CLANG_WARN_SUSPICIOUS_MOVE = YES;
				CLANG_WARN_UNREACHABLE_CODE = YES;
				CLANG_WARN__DUPLICATE_METHOD_MATCH = YES;
				CODE_SIGN_IDENTITY = "-";
				COPY_PHASE_STRIP = NO;
				DEBUG_INFORMATION_FORMAT = "dwarf-with-dsym";
				ENABLE_NS_ASSERTIONS = NO;
				ENABLE_STRICT_OBJC_MSGSEND = YES;
				GCC_C_LANGUAGE_STANDARD = gnu99;
				GCC_NO_COMMON_BLOCKS = YES;
				GCC_WARN_64_TO_32_BIT_CONVERSION = YES;
				GCC_WARN_ABOUT_RETURN_TYPE = YES_ERROR;
				GCC_WARN_UNDECLARED_SELECTOR = YES;
				GCC_WARN_UNINITIALIZED_AUTOS = YES_AGGRESSIVE;
				GCC_WARN_UNUSED_FUNCTION = YES;
				GCC_WARN_UNUSED_VARIABLE = YES;
				MACOSX_DEPLOYMENT_TARGET = 10.12;
				MTL_ENABLE_DEBUG_INFO = NO;
				SDKROOT = macosx;
			};
			name = Release;
		};
		1F4B8D8C1ED6ADFA00ED0A93 /* Debug */ = {
			isa = XCBuildConfiguration;
			buildSettings = {
				DEVELOPMENT_TEAM = PCCZJUYRT6;
				PRODUCT_NAME = "$(TARGET_NAME)";
				SWIFT_VERSION = 3.0;
			};
			name = Debug;
		};
		1F4B8D8D1ED6ADFA00ED0A93 /* Release */ = {
			isa = XCBuildConfiguration;
			buildSettings = {
				DEVELOPMENT_TEAM = PCCZJUYRT6;
				PRODUCT_NAME = "$(TARGET_NAME)";
				SWIFT_VERSION = 3.0;
			};
			name = Release;
		};
/* End XCBuildConfiguration section */

/* Begin XCConfigurationList section */
		1F4B8D7F1ED6ADF900ED0A93 /* Build configuration list for PBXProject "GithubSearchRepository" */ = {
			isa = XCConfigurationList;
			buildConfigurations = (
				1F4B8D891ED6ADFA00ED0A93 /* Debug */,
				1F4B8D8A1ED6ADFA00ED0A93 /* Release */,
			);
			defaultConfigurationIsVisible = 0;
			defaultConfigurationName = Release;
		};
		1F4B8D8B1ED6ADFA00ED0A93 /* Build configuration list for PBXNativeTarget "GithubSearchRepository" */ = {
			isa = XCConfigurationList;
			buildConfigurations = (
				1F4B8D8C1ED6ADFA00ED0A93 /* Debug */,
				1F4B8D8D1ED6ADFA00ED0A93 /* Release */,
			);
			defaultConfigurationIsVisible = 0;
			defaultConfigurationName = Release;
		};
/* End XCConfigurationList section */
	};
	rootObject = 1F4B8D7C1ED6ADF900ED0A93 /* Project object */;
}
